<?xml version="1.0" encoding="utf-8"?>
<Project ToolsVersion="4.0" xmlns="http://schemas.microsoft.com/developer/msbuild/2003">
  <ItemGroup>
    <Filter Include="Source Files">
      <UniqueIdentifier>{4FC737F1-C7A5-4376-A066-2A32D752A2FF}</UniqueIdentifier>
      <Extensions>cpp;c;cc;cxx;def;odl;idl;hpj;bat;asm;asmx</Extensions>
    </Filter>
    <Filter Include="Header Files">
      <UniqueIdentifier>{93995380-89BD-4b04-88EB-625FBE52EBFB}</UniqueIdentifier>
      <Extensions>h;hh;hpp;hxx;hm;inl;inc;xsd</Extensions>
    </Filter>
    <Filter Include="Resource Files">
      <UniqueIdentifier>{67DA6AB6-F800-4c08-8B7A-83BB121AAD01}</UniqueIdentifier>
      <Extensions>qrc;rc;ico;cur;bmp;dlg;rc2;rct;bin;rgs;gif;jpg;jpeg;jpe;resx;tiff;tif;png;wav;mfcribbon-ms</Extensions>
    </Filter>
    <Filter Include="Form Files">
      <UniqueIdentifier>{99349809-55BA-4b9d-BF79-8FDBB0286EB3}</UniqueIdentifier>
      <Extensions>ui</Extensions>
    </Filter>
    <Filter Include="Source Files\UI">
      <UniqueIdentifier>{7da2643f-2c05-4ee9-8f37-0db0f7e67bf7}</UniqueIdentifier>
    </Filter>
    <Filter Include="Source Files\player">
      <UniqueIdentifier>{e43b6de2-5b92-43db-a11c-d88ae861f7d1}</UniqueIdentifier>
    </Filter>
    <Filter Include="Source Files\common">
      <UniqueIdentifier>{18d1a5d1-f203-4533-adfe-621d195ab591}</UniqueIdentifier>
    </Filter>
    <Filter Include="Source Files\common\dump">
      <UniqueIdentifier>{1cda6c12-0409-425f-8d25-5bd4256712cc}</UniqueIdentifier>
    </Filter>
    <Filter Include="Source Files\common\log">
      <UniqueIdentifier>{17270474-f555-4547-a59b-9d3d2f8d31c7}</UniqueIdentifier>
    </Filter>
  </ItemGroup>
  <ItemGroup>
    <QtRcc Include="NanaRecorder.qrc">
      <Filter>Resource Files</Filter>
    </QtRcc>
  </ItemGroup>
  <ItemGroup>
    <ClCompile Include="NanaRecorder.cpp">
      <Filter>Source Files\UI</Filter>
    </ClCompile>
    <ClCompile Include="FileOutputer.cpp">
      <Filter>Source Files\player</Filter>
    </ClCompile>
    <ClCompile Include="mux.cpp">
      <Filter>Source Files\player</Filter>
    </ClCompile>
    <ClCompile Include="Recorder.cpp">
      <Filter>Source Files\player</Filter>
    </ClCompile>
    <ClCompile Include="VideoCapture.cpp">
      <Filter>Source Files\player</Filter>
    </ClCompile>
    <ClCompile Include="VideoEncoder.cpp">
      <Filter>Source Files\player</Filter>
    </ClCompile>
    <ClCompile Include="VideoFrameQueue.cpp">
      <Filter>Source Files\player</Filter>
    </ClCompile>
    <ClCompile Include="AudioCapture.cpp">
      <Filter>Source Files\player</Filter>
    </ClCompile>
    <ClCompile Include="FFmpegHelper.cpp">
      <Filter>Source Files\player</Filter>
    </ClCompile>
    <ClCompile Include="AudioFrameQueue.cpp">
      <Filter>Source Files\player</Filter>
    </ClCompile>
    <ClCompile Include="AudioEncoder.cpp">
      <Filter>Source Files\player</Filter>
    </ClCompile>
    <ClCompile Include="..\common\dump\dump.cpp">
      <Filter>Source Files\common\dump</Filter>
    </ClCompile>
    <ClCompile Include="main.cpp">
      <Filter>Source Files\UI</Filter>
    </ClCompile>
  </ItemGroup>
  <ItemGroup>
    <QtMoc Include="NanaRecorder.h">
      <Filter>Source Files\UI</Filter>
    </QtMoc>
    <QtMoc Include="singleton.h">
      <Filter>Source Files\player</Filter>
    </QtMoc>
  </ItemGroup>
  <ItemGroup>
    <ClInclude Include="FFmpegHeader.h">
      <Filter>Source Files\player</Filter>
    </ClInclude>
    <ClInclude Include="FileOutputer.h">
      <Filter>Source Files\player</Filter>
    </ClInclude>
    <ClInclude Include="mux.h">
      <Filter>Source Files\player</Filter>
    </ClInclude>
    <ClInclude Include="RecordConfig.h">
      <Filter>Source Files\player</Filter>
    </ClInclude>
    <ClInclude Include="Recorder.h">
      <Filter>Source Files\player</Filter>
    </ClInclude>
    <ClInclude Include="VideoCapture.h">
      <Filter>Source Files\player</Filter>
    </ClInclude>
    <ClInclude Include="VideoEncoder.h">
      <Filter>Source Files\player</Filter>
    </ClInclude>
    <ClInclude Include="VideoFrameQueue.h">
      <Filter>Source Files\player</Filter>
    </ClInclude>
    <ClInclude Include="AudioCapture.h">
      <Filter>Source Files\player</Filter>
    </ClInclude>
    <ClInclude Include="FFmpegHelper.h">
      <Filter>Source Files\player</Filter>
    </ClInclude>
    <ClInclude Include="AudioFrameQueue.h">
      <Filter>Source Files\player</Filter>
    </ClInclude>
    <ClInclude Include="AudioEncoder.h">
      <Filter>Source Files\player</Filter>
    </ClInclude>
    <ClInclude Include="..\common\dump\dump.h">
      <Filter>Source Files\common\dump</Filter>
    </ClInclude>
    <ClInclude Include="..\common\log\log.h">
      <Filter>Source Files\common\log</Filter>
    </ClInclude>
  </ItemGroup>
  <ItemGroup>
    <QtUic Include="NanaRecorder.ui">
      <Filter>Source Files\UI</Filter>
    </QtUic>
  </ItemGroup>
</Project>